
Microsoft Visual Studio Solution File, Format Version 12.00
# Visual Studio Version 17
VisualStudioVersion = 17.13.35931.197 d17.13
MinimumVisualStudioVersion = 10.0.40219.1
Project("{FAE04EC0-301F-11D3-BF4B-00C04F79EFBC}") = "lb10", "lb10\lb10.csproj", "{92946837-7EB8-480A-B254-BF255498FEEB}"
EndProject
Global
	GlobalSection(SolutionConfigurationPlatforms) = preSolution
		Debug|Any CPU = Debug|Any CPU
		Release|Any CPU = Release|Any CPU
	EndGlobalSection
	GlobalSection(ProjectConfigurationPlatforms) = postSolution
		{92946837-7EB8-480A-B254-BF255498FEEB}.Debug|Any CPU.ActiveCfg = Debug|Any CPU
		{92946837-7EB8-480A-B254-BF255498FEEB}.Debug|Any CPU.Build.0 = Debug|Any CPU
		{92946837-7EB8-480A-B254-BF255498FEEB}.Release|Any CPU.ActiveCfg = Release|Any CPU
		{92946837-7EB8-480A-B254-BF255498FEEB}.Release|Any CPU.Build.0 = Release|Any CPU
	EndGlobalSection
	GlobalSection(SolutionProperties) = preSolution
		HideSolutionNode = FALSE
	EndGlobalSection
	GlobalSection(ExtensibilityGlobals) = postSolution
		SolutionGuid = {534A7F60-A3B6-4A1F-9CEA-BF171013C125}
	EndGlobalSection
EndGlobal
